
Microsoft Visual Studio Solution File, Format Version 12.00
# Visual Studio Version 16
VisualStudioVersion = 16.0.30717.126
MinimumVisualStudioVersion = 10.0.40219.1
Project("{FAE04EC0-301F-11D3-BF4B-00C04F79EFBC}") = "AdventOfCode", "AdventOfCode.csproj", "{D01ED2BF-134B-469A-A0E9-CF228207A143}"
EndProject
Project("{FAE04EC0-301F-11D3-BF4B-00C04F79EFBC}") = "ElvesAccountingSum2020", "..\ElvesAccountingSum2020\ElvesAccountingSum2020.csproj", "{F49C0950-293D-43BB-9311-46CA730743D0}"
EndProject
Global
	GlobalSection(SolutionConfigurationPlatforms) = preSolution
		Debug|Any CPU = Debug|Any CPU
		Release|Any CPU = Release|Any CPU
	EndGlobalSection
	GlobalSection(ProjectConfigurationPlatforms) = postSolution
		{D01ED2BF-134B-469A-A0E9-CF228207A143}.Debug|Any CPU.ActiveCfg = Debug|Any CPU
		{D01ED2BF-134B-469A-A0E9-CF228207A143}.Debug|Any CPU.Build.0 = Debug|Any CPU
		{D01ED2BF-134B-469A-A0E9-CF228207A143}.Release|Any CPU.ActiveCfg = Release|Any CPU
		{D01ED2BF-134B-469A-A0E9-CF228207A143}.Release|Any CPU.Build.0 = Release|Any CPU
		{F49C0950-293D-43BB-9311-46CA730743D0}.Debug|Any CPU.ActiveCfg = Debug|Any CPU
		{F49C0950-293D-43BB-9311-46CA730743D0}.Debug|Any CPU.Build.0 = Debug|Any CPU
		{F49C0950-293D-43BB-9311-46CA730743D0}.Release|Any CPU.ActiveCfg = Release|Any CPU
		{F49C0950-293D-43BB-9311-46CA730743D0}.Release|Any CPU.Build.0 = Release|Any CPU
	EndGlobalSection
	GlobalSection(SolutionProperties) = preSolution
		HideSolutionNode = FALSE
	EndGlobalSection
	GlobalSection(ExtensibilityGlobals) = postSolution
		SolutionGuid = {29DAEB01-72B5-49C0-91BD-A42A81216755}
	EndGlobalSection
EndGlobal
